// !$*UTF8*$!
{
	archiveVersion = 1;
	classes = {
	};
	objectVersion = 46;
	objects = {

/* Begin PBXBuildFile section */
		F50D7B571611B41C001FAC61 /* Default-568h@2x.png in Resources */ = {isa = PBXBuildFile; fileRef = F50D7B541611B41C001FAC61 /* Default-568h@2x.png */; };
		F50D7B581611B41C001FAC61 /* Default.png in Resources */ = {isa = PBXBuildFile; fileRef = F50D7B551611B41C001FAC61 /* Default.png */; };
		F50D7B591611B41C001FAC61 /* Default@2x.png in Resources */ = {isa = PBXBuildFile; fileRef = F50D7B561611B41C001FAC61 /* Default@2x.png */; };
		F50E395C17A152D200CDC2AD /* youtubePlayerViewController.m in Sources */ = {isa = PBXBuildFile; fileRef = F50E395A17A152D200CDC2AD /* youtubePlayerViewController.m */; };
		F50E395D17A152D200CDC2AD /* youtubePlayerViewController.xib in Resources */ = {isa = PBXBuildFile; fileRef = F50E395B17A152D200CDC2AD /* youtubePlayerViewController.xib */; };
		F50E396117A15D9500CDC2AD /* moviePlayerViewController.m in Sources */ = {isa = PBXBuildFile; fileRef = F50E395F17A15D9500CDC2AD /* moviePlayerViewController.m */; };
		F50E396217A15D9500CDC2AD /* moviePlayerViewController.xib in Resources */ = {isa = PBXBuildFile; fileRef = F50E396017A15D9500CDC2AD /* moviePlayerViewController.xib */; };
		F52811F41779F1FE00FDD751 /* url.m in Sources */ = {isa = PBXBuildFile; fileRef = F52811F31779F1FE00FDD751 /* url.m */; };
		F52BD96A1816D107007C2F15 /* TouchIcon-iOS7.png in Resources */ = {isa = PBXBuildFile; fileRef = F52BD9691816D107007C2F15 /* TouchIcon-iOS7.png */; };
		F52D2D1B1559333800B0E19B /* UIKit.framework in Frameworks */ = {isa = PBXBuildFile; fileRef = F52D2D1A1559333800B0E19B /* UIKit.framework */; };
		F52D2D1D1559333800B0E19B /* Foundation.framework in Frameworks */ = {isa = PBXBuildFile; fileRef = F52D2D1C1559333800B0E19B /* Foundation.framework */; };
		F52D2D1F1559333800B0E19B /* CoreGraphics.framework in Frameworks */ = {isa = PBXBuildFile; fileRef = F52D2D1E1559333800B0E19B /* CoreGraphics.framework */; };
		F52D2D271559333800B0E19B /* main.m in Sources */ = {isa = PBXBuildFile; fileRef = F52D2D261559333800B0E19B /* main.m */; };
		F52D2D2B1559333800B0E19B /* AppDelegate.m in Sources */ = {isa = PBXBuildFile; fileRef = F52D2D2A1559333800B0E19B /* AppDelegate.m */; };
		F52D2D4F1559338800B0E19B /* common.m in Sources */ = {isa = PBXBuildFile; fileRef = F52D2D471559338800B0E19B /* common.m */; };
		F52D2D60155933C000B0E19B /* loaderView.m in Sources */ = {isa = PBXBuildFile; fileRef = F52D2D57155933C000B0E19B /* loaderView.m */; };
		F52D2D65155933DA00B0E19B /* QuartzCore.framework in Frameworks */ = {isa = PBXBuildFile; fileRef = F52D2D64155933DA00B0E19B /* QuartzCore.framework */; };
		F53D5EA8156D42140021DCFB /* libz.dylib in Frameworks */ = {isa = PBXBuildFile; fileRef = F53D5EA7156D42130021DCFB /* libz.dylib */; };
		F55F734A156F793900D2684B /* Request.m in Sources */ = {isa = PBXBuildFile; fileRef = F55F7349156F793900D2684B /* Request.m */; };
		F55F73561570D2E900D2684B /* CoreLocation.framework in Frameworks */ = {isa = PBXBuildFile; fileRef = F55F73551570D2E700D2684B /* CoreLocation.framework */; };
		F5622FD1174F505700944FC8 /* webViewController.m in Sources */ = {isa = PBXBuildFile; fileRef = F5622FCF174F505700944FC8 /* webViewController.m */; };
		F5622FD2174F505700944FC8 /* webViewController.xib in Resources */ = {isa = PBXBuildFile; fileRef = F5622FD0174F505700944FC8 /* webViewController.xib */; };
		F57D22F915778CB700C97916 /* TouchIcon.png in Resources */ = {isa = PBXBuildFile; fileRef = F57D22F715778CB700C97916 /* TouchIcon.png */; };
		F57D22FA15778CB700C97916 /* TouchIcon@2x.png in Resources */ = {isa = PBXBuildFile; fileRef = F57D22F815778CB700C97916 /* TouchIcon@2x.png */; };
		F584C5A1165BE1CA007E9DC6 /* mainViewController.m in Sources */ = {isa = PBXBuildFile; fileRef = F584C59F165BE1CA007E9DC6 /* mainViewController.m */; };
		F584C5A2165BE1CA007E9DC6 /* mainViewController.xib in Resources */ = {isa = PBXBuildFile; fileRef = F584C5A0165BE1CA007E9DC6 /* mainViewController.xib */; };
		F5A52FB2179D596F0099BFF4 /* Localizable.strings in Resources */ = {isa = PBXBuildFile; fileRef = F5A52FB0179D596F0099BFF4 /* Localizable.strings */; };
		F5A52FB6179D59BB0099BFF4 /* Localizable.strings in Resources */ = {isa = PBXBuildFile; fileRef = F5A52FB4179D59BB0099BFF4 /* Localizable.strings */; };
		F5A52FBA179D59F60099BFF4 /* Localizable.strings in Resources */ = {isa = PBXBuildFile; fileRef = F5A52FB8179D59F60099BFF4 /* Localizable.strings */; };
		F5A52FE3179D7B8E0099BFF4 /* mapsViewController.xib in Resources */ = {isa = PBXBuildFile; fileRef = F5A52FE2179D7B8E0099BFF4 /* mapsViewController.xib */; };
		F5A882E61896AB1A004834A4 /* Localizable.strings in Resources */ = {isa = PBXBuildFile; fileRef = F5A882E41896AB1A004834A4 /* Localizable.strings */; };
		F5BE12FD194A0BD400A2B81D /* SpotlightIcon-iOS7.png in Resources */ = {isa = PBXBuildFile; fileRef = F5BE12FA194A0BD400A2B81D /* SpotlightIcon-iOS7.png */; };
		F5BE12FE194A0BD400A2B81D /* SpotlightIcon.png in Resources */ = {isa = PBXBuildFile; fileRef = F5BE12FB194A0BD400A2B81D /* SpotlightIcon.png */; };
		F5BE12FF194A0BD400A2B81D /* SpotlightIcon@2x.png in Resources */ = {isa = PBXBuildFile; fileRef = F5BE12FC194A0BD400A2B81D /* SpotlightIcon@2x.png */; };
		F5BEB8661602357E00DA0F29 /* mapsViewController.m in Sources */ = {isa = PBXBuildFile; fileRef = F5BEB8641602357E00DA0F29 /* mapsViewController.m */; };
		F5CEB4AC1612E67F00FBABCD /* Accounts.framework in Frameworks */ = {isa = PBXBuildFile; fileRef = F5CEB4AB1612E67F00FBABCD /* Accounts.framework */; settings = {ATTRIBUTES = (Weak, ); }; };
		F5D18EF718965F03004CBA06 /* CoreAudio.framework in Frameworks */ = {isa = PBXBuildFile; fileRef = F5D18EF618965F03004CBA06 /* CoreAudio.framework */; };
		F5D18EF918966074004CBA06 /* AVFoundation.framework in Frameworks */ = {isa = PBXBuildFile; fileRef = F5D18EF818966074004CBA06 /* AVFoundation.framework */; };
		F5D342F8174E685A009544FC /* MediaPlayer.framework in Frameworks */ = {isa = PBXBuildFile; fileRef = F5D342F7174E685A009544FC /* MediaPlayer.framework */; };
		F5E6486E177AED540099C1AB /* ajax.gif in Resources */ = {isa = PBXBuildFile; fileRef = F5E6486D177AED540099C1AB /* ajax.gif */; };
		F5E78B111570DD8500D85E3E /* MapKit.framework in Frameworks */ = {isa = PBXBuildFile; fileRef = F5E78B101570DD8500D85E3E /* MapKit.framework */; };
/* End PBXBuildFile section */

/* Begin PBXCopyFilesBuildPhase section */
		F5823E8B16FA17BD00177ADA /* CopyFiles */ = {
			isa = PBXCopyFilesBuildPhase;
			buildActionMask = 2147483647;
			dstPath = "";
			dstSubfolderSpec = 7;
			files = (
			);
			runOnlyForDeploymentPostprocessing = 0;
		};
/* End PBXCopyFilesBuildPhase section */

/* Begin PBXFileReference section */
		F50D7B541611B41C001FAC61 /* Default-568h@2x.png */ = {isa = PBXFileReference; lastKnownFileType = image.png; path = "Default-568h@2x.png"; sourceTree = "<group>"; };
		F50D7B551611B41C001FAC61 /* Default.png */ = {isa = PBXFileReference; lastKnownFileType = image.png; path = Default.png; sourceTree = "<group>"; };
		F50D7B561611B41C001FAC61 /* Default@2x.png */ = {isa = PBXFileReference; lastKnownFileType = image.png; path = "Default@2x.png"; sourceTree = "<group>"; };
		F50E395917A152D200CDC2AD /* youtubePlayerViewController.h */ = {isa = PBXFileReference; fileEncoding = 4; lastKnownFileType = sourcecode.c.h; name = youtubePlayerViewController.h; path = Modals/youtubePlayerViewController.h; sourceTree = "<group>"; };
		F50E395A17A152D200CDC2AD /* youtubePlayerViewController.m */ = {isa = PBXFileReference; fileEncoding = 4; lastKnownFileType = sourcecode.c.objc; name = youtubePlayerViewController.m; path = Modals/youtubePlayerViewController.m; sourceTree = "<group>"; };
		F50E395B17A152D200CDC2AD /* youtubePlayerViewController.xib */ = {isa = PBXFileReference; fileEncoding = 4; lastKnownFileType = file.xib; name = youtubePlayerViewController.xib; path = Modals/youtubePlayerViewController.xib; sourceTree = "<group>"; };
		F50E395E17A15D9500CDC2AD /* moviePlayerViewController.h */ = {isa = PBXFileReference; fileEncoding = 4; lastKnownFileType = sourcecode.c.h; name = moviePlayerViewController.h; path = Modals/moviePlayerViewController.h; sourceTree = "<group>"; };
		F50E395F17A15D9500CDC2AD /* moviePlayerViewController.m */ = {isa = PBXFileReference; fileEncoding = 4; lastKnownFileType = sourcecode.c.objc; name = moviePlayerViewController.m; path = Modals/moviePlayerViewController.m; sourceTree = "<group>"; };
		F50E396017A15D9500CDC2AD /* moviePlayerViewController.xib */ = {isa = PBXFileReference; fileEncoding = 4; lastKnownFileType = file.xib; name = moviePlayerViewController.xib; path = Modals/moviePlayerViewController.xib; sourceTree = "<group>"; };
		F52811F21779F1FE00FDD751 /* url.h */ = {isa = PBXFileReference; fileEncoding = 4; lastKnownFileType = sourcecode.c.h; path = url.h; sourceTree = "<group>"; };
		F52811F31779F1FE00FDD751 /* url.m */ = {isa = PBXFileReference; fileEncoding = 4; lastKnownFileType = sourcecode.c.objc; path = url.m; sourceTree = "<group>"; };
		F52BD9691816D107007C2F15 /* TouchIcon-iOS7.png */ = {isa = PBXFileReference; lastKnownFileType = image.png; name = "TouchIcon-iOS7.png"; path = "TouchIcon/TouchIcon-iOS7.png"; sourceTree = "<group>"; };
		F52D2D161559333800B0E19B /* Siberian.app */ = {isa = PBXFileReference; explicitFileType = wrapper.application; includeInIndex = 0; path = Siberian.app; sourceTree = BUILT_PRODUCTS_DIR; };
		F52D2D1A1559333800B0E19B /* UIKit.framework */ = {isa = PBXFileReference; lastKnownFileType = wrapper.framework; name = UIKit.framework; path = System/Library/Frameworks/UIKit.framework; sourceTree = SDKROOT; };
		F52D2D1C1559333800B0E19B /* Foundation.framework */ = {isa = PBXFileReference; lastKnownFileType = wrapper.framework; name = Foundation.framework; path = System/Library/Frameworks/Foundation.framework; sourceTree = SDKROOT; };
		F52D2D1E1559333800B0E19B /* CoreGraphics.framework */ = {isa = PBXFileReference; lastKnownFileType = wrapper.framework; name = CoreGraphics.framework; path = System/Library/Frameworks/CoreGraphics.framework; sourceTree = SDKROOT; };
		F52D2D221559333800B0E19B /* Siberian-Info.plist */ = {isa = PBXFileReference; lastKnownFileType = text.plist.xml; path = "Siberian-Info.plist"; sourceTree = "<group>"; };
		F52D2D261559333800B0E19B /* main.m */ = {isa = PBXFileReference; lastKnownFileType = sourcecode.c.objc; path = main.m; sourceTree = "<group>"; };
		F52D2D281559333800B0E19B /* Siberian-Prefix.pch */ = {isa = PBXFileReference; lastKnownFileType = sourcecode.c.h; path = "Siberian-Prefix.pch"; sourceTree = "<group>"; };
		F52D2D291559333800B0E19B /* AppDelegate.h */ = {isa = PBXFileReference; lastKnownFileType = sourcecode.c.h; path = AppDelegate.h; sourceTree = "<group>"; };
		F52D2D2A1559333800B0E19B /* AppDelegate.m */ = {isa = PBXFileReference; lastKnownFileType = sourcecode.c.objc; path = AppDelegate.m; sourceTree = "<group>"; };
		F52D2D461559338800B0E19B /* common.h */ = {isa = PBXFileReference; fileEncoding = 4; lastKnownFileType = sourcecode.c.h; path = common.h; sourceTree = "<group>"; };
		F52D2D471559338800B0E19B /* common.m */ = {isa = PBXFileReference; fileEncoding = 4; lastKnownFileType = sourcecode.c.objc; path = common.m; sourceTree = "<group>"; };
		F52D2D56155933C000B0E19B /* loaderView.h */ = {isa = PBXFileReference; fileEncoding = 4; lastKnownFileType = sourcecode.c.h; path = loaderView.h; sourceTree = "<group>"; };
		F52D2D57155933C000B0E19B /* loaderView.m */ = {isa = PBXFileReference; fileEncoding = 4; lastKnownFileType = sourcecode.c.objc; path = loaderView.m; sourceTree = "<group>"; };
		F52D2D64155933DA00B0E19B /* QuartzCore.framework */ = {isa = PBXFileReference; lastKnownFileType = wrapper.framework; name = QuartzCore.framework; path = System/Library/Frameworks/QuartzCore.framework; sourceTree = SDKROOT; };
		F53D5EA7156D42130021DCFB /* libz.dylib */ = {isa = PBXFileReference; lastKnownFileType = "compiled.mach-o.dylib"; name = libz.dylib; path = usr/lib/libz.dylib; sourceTree = SDKROOT; };
		F55F7348156F793900D2684B /* Request.h */ = {isa = PBXFileReference; fileEncoding = 4; lastKnownFileType = sourcecode.c.h; name = Request.h; path = Request/Request.h; sourceTree = "<group>"; };
		F55F7349156F793900D2684B /* Request.m */ = {isa = PBXFileReference; fileEncoding = 4; lastKnownFileType = sourcecode.c.objc; name = Request.m; path = Request/Request.m; sourceTree = "<group>"; };
		F55F73551570D2E700D2684B /* CoreLocation.framework */ = {isa = PBXFileReference; lastKnownFileType = wrapper.framework; name = CoreLocation.framework; path = System/Library/Frameworks/CoreLocation.framework; sourceTree = SDKROOT; };
		F5622FCE174F505700944FC8 /* webViewController.h */ = {isa = PBXFileReference; fileEncoding = 4; lastKnownFileType = sourcecode.c.h; name = webViewController.h; path = Modals/webViewController.h; sourceTree = "<group>"; };
		F5622FCF174F505700944FC8 /* webViewController.m */ = {isa = PBXFileReference; fileEncoding = 4; lastKnownFileType = sourcecode.c.objc; name = webViewController.m; path = Modals/webViewController.m; sourceTree = "<group>"; };
		F5622FD0174F505700944FC8 /* webViewController.xib */ = {isa = PBXFileReference; fileEncoding = 4; lastKnownFileType = file.xib; name = webViewController.xib; path = Modals/webViewController.xib; sourceTree = "<group>"; };
		F57D22F715778CB700C97916 /* TouchIcon.png */ = {isa = PBXFileReference; lastKnownFileType = image.png; name = TouchIcon.png; path = TouchIcon/TouchIcon.png; sourceTree = "<group>"; };
		F57D22F815778CB700C97916 /* TouchIcon@2x.png */ = {isa = PBXFileReference; lastKnownFileType = image.png; name = "TouchIcon@2x.png"; path = "TouchIcon/TouchIcon@2x.png"; sourceTree = "<group>"; };
		F57F10AC157369E60047A0FC /* libcommonCrypto.dylib */ = {isa = PBXFileReference; lastKnownFileType = "compiled.mach-o.dylib"; name = libcommonCrypto.dylib; path = usr/lib/system/libcommonCrypto.dylib; sourceTree = SDKROOT; };
		F584C59E165BE1CA007E9DC6 /* mainViewController.h */ = {isa = PBXFileReference; fileEncoding = 4; lastKnownFileType = sourcecode.c.h; path = mainViewController.h; sourceTree = "<group>"; };
		F584C59F165BE1CA007E9DC6 /* mainViewController.m */ = {isa = PBXFileReference; fileEncoding = 4; lastKnownFileType = sourcecode.c.objc; path = mainViewController.m; sourceTree = "<group>"; };
		F584C5A0165BE1CA007E9DC6 /* mainViewController.xib */ = {isa = PBXFileReference; fileEncoding = 4; lastKnownFileType = file.xib; path = mainViewController.xib; sourceTree = "<group>"; };
		F5A52FB1179D596F0099BFF4 /* pt */ = {isa = PBXFileReference; lastKnownFileType = text.plist.strings; name = pt; path = Resources/Languages/pt.lproj/Localizable.strings; sourceTree = "<group>"; };
		F5A52FB5179D59BB0099BFF4 /* fr */ = {isa = PBXFileReference; lastKnownFileType = text.plist.strings; name = fr; path = Resources/Languages/fr.lproj/Localizable.strings; sourceTree = "<group>"; };
		F5A52FB9179D59F60099BFF4 /* en */ = {isa = PBXFileReference; lastKnownFileType = text.plist.strings; name = en; path = Resources/Languages/en.lproj/Localizable.strings; sourceTree = "<group>"; };
		F5A52FE2179D7B8E0099BFF4 /* mapsViewController.xib */ = {isa = PBXFileReference; fileEncoding = 4; lastKnownFileType = file.xib; name = mapsViewController.xib; path = Modals/Restaurant/mapsViewController.xib; sourceTree = "<group>"; };
		F5A882E51896AB1A004834A4 /* es */ = {isa = PBXFileReference; lastKnownFileType = text.plist.strings; name = es; path = Localizable.strings; sourceTree = "<group>"; };
		F5B6A432163EBE0D00ECCE5A /* PassKit.framework */ = {isa = PBXFileReference; lastKnownFileType = wrapper.framework; name = PassKit.framework; path = System/Library/Frameworks/PassKit.framework; sourceTree = SDKROOT; };
		F5BE12FA194A0BD400A2B81D /* SpotlightIcon-iOS7.png */ = {isa = PBXFileReference; lastKnownFileType = image.png; name = "SpotlightIcon-iOS7.png"; path = "TouchIcon/SpotlightIcon-iOS7.png"; sourceTree = "<group>"; };
		F5BE12FB194A0BD400A2B81D /* SpotlightIcon.png */ = {isa = PBXFileReference; lastKnownFileType = image.png; name = SpotlightIcon.png; path = TouchIcon/SpotlightIcon.png; sourceTree = "<group>"; };
		F5BE12FC194A0BD400A2B81D /* SpotlightIcon@2x.png */ = {isa = PBXFileReference; lastKnownFileType = image.png; name = "SpotlightIcon@2x.png"; path = "TouchIcon/SpotlightIcon@2x.png"; sourceTree = "<group>"; };
		F5BEB8631602357E00DA0F29 /* mapsViewController.h */ = {isa = PBXFileReference; fileEncoding = 4; lastKnownFileType = sourcecode.c.h; name = mapsViewController.h; path = Modals/Restaurant/mapsViewController.h; sourceTree = "<group>"; };
		F5BEB8641602357E00DA0F29 /* mapsViewController.m */ = {isa = PBXFileReference; fileEncoding = 4; lastKnownFileType = sourcecode.c.objc; name = mapsViewController.m; path = Modals/Restaurant/mapsViewController.m; sourceTree = "<group>"; };
		F5CEB4AB1612E67F00FBABCD /* Accounts.framework */ = {isa = PBXFileReference; lastKnownFileType = wrapper.framework; name = Accounts.framework; path = System/Library/Frameworks/Accounts.framework; sourceTree = SDKROOT; };
		F5CEB4AD1612E68500FBABCD /* Social.framework */ = {isa = PBXFileReference; lastKnownFileType = wrapper.framework; name = Social.framework; path = System/Library/Frameworks/Social.framework; sourceTree = SDKROOT; };
		F5D18EF618965F03004CBA06 /* CoreAudio.framework */ = {isa = PBXFileReference; lastKnownFileType = wrapper.framework; name = CoreAudio.framework; path = System/Library/Frameworks/CoreAudio.framework; sourceTree = SDKROOT; };
		F5D18EF818966074004CBA06 /* AVFoundation.framework */ = {isa = PBXFileReference; lastKnownFileType = wrapper.framework; name = AVFoundation.framework; path = System/Library/Frameworks/AVFoundation.framework; sourceTree = SDKROOT; };
		F5D342F7174E685A009544FC /* MediaPlayer.framework */ = {isa = PBXFileReference; lastKnownFileType = wrapper.framework; name = MediaPlayer.framework; path = System/Library/Frameworks/MediaPlayer.framework; sourceTree = SDKROOT; };
		F5E1C17B156A71AE00A92F15 /* Siberian.entitlements */ = {isa = PBXFileReference; lastKnownFileType = text.xml; path = Siberian.entitlements; sourceTree = "<group>"; };
		F5E6486D177AED540099C1AB /* ajax.gif */ = {isa = PBXFileReference; lastKnownFileType = image.gif; name = ajax.gif; path = Loader/ajax.gif; sourceTree = "<group>"; };
		F5E78B101570DD8500D85E3E /* MapKit.framework */ = {isa = PBXFileReference; lastKnownFileType = wrapper.framework; name = MapKit.framework; path = System/Library/Frameworks/MapKit.framework; sourceTree = SDKROOT; };
/* End PBXFileReference section */

/* Begin PBXFrameworksBuildPhase section */
		F52D2D131559333800B0E19B /* Frameworks */ = {
			isa = PBXFrameworksBuildPhase;
			buildActionMask = 2147483647;
			files = (
				F5D18EF918966074004CBA06 /* AVFoundation.framework in Frameworks */,
				F5D18EF718965F03004CBA06 /* CoreAudio.framework in Frameworks */,
				F5D342F8174E685A009544FC /* MediaPlayer.framework in Frameworks */,
				F5CEB4AC1612E67F00FBABCD /* Accounts.framework in Frameworks */,
				F5E78B111570DD8500D85E3E /* MapKit.framework in Frameworks */,
				F55F73561570D2E900D2684B /* CoreLocation.framework in Frameworks */,
				F53D5EA8156D42140021DCFB /* libz.dylib in Frameworks */,
				F52D2D65155933DA00B0E19B /* QuartzCore.framework in Frameworks */,
				F52D2D1B1559333800B0E19B /* UIKit.framework in Frameworks */,
				F52D2D1D1559333800B0E19B /* Foundation.framework in Frameworks */,
				F52D2D1F1559333800B0E19B /* CoreGraphics.framework in Frameworks */,
			);
			runOnlyForDeploymentPostprocessing = 0;
		};
/* End PBXFrameworksBuildPhase section */

/* Begin PBXGroup section */
		F52D2D0B1559333800B0E19B = {
			isa = PBXGroup;
			children = (
				F52D2D201559333800B0E19B /* Siberian */,
				F52D2D191559333800B0E19B /* Frameworks */,
				F52D2D171559333800B0E19B /* Products */,
			);
			sourceTree = "<group>";
		};
		F52D2D171559333800B0E19B /* Products */ = {
			isa = PBXGroup;
			children = (
				F52D2D161559333800B0E19B /* Siberian.app */,
			);
			name = Products;
			sourceTree = "<group>";
		};
		F52D2D191559333800B0E19B /* Frameworks */ = {
			isa = PBXGroup;
			children = (
				F5D18EF818966074004CBA06 /* AVFoundation.framework */,
				F5D18EF618965F03004CBA06 /* CoreAudio.framework */,
				F5D342F7174E685A009544FC /* MediaPlayer.framework */,
				F57F10AC157369E60047A0FC /* libcommonCrypto.dylib */,
				F53D5EA7156D42130021DCFB /* libz.dylib */,
				F5B6A432163EBE0D00ECCE5A /* PassKit.framework */,
				F5CEB4AD1612E68500FBABCD /* Social.framework */,
				F5CEB4AB1612E67F00FBABCD /* Accounts.framework */,
				F5E78B101570DD8500D85E3E /* MapKit.framework */,
				F55F73551570D2E700D2684B /* CoreLocation.framework */,
				F52D2D64155933DA00B0E19B /* QuartzCore.framework */,
				F52D2D1A1559333800B0E19B /* UIKit.framework */,
				F52D2D1C1559333800B0E19B /* Foundation.framework */,
				F52D2D1E1559333800B0E19B /* CoreGraphics.framework */,
			);
			name = Frameworks;
			sourceTree = "<group>";
		};
		F52D2D201559333800B0E19B /* Siberian */ = {
			isa = PBXGroup;
			children = (
				F5E1C17B156A71AE00A92F15 /* Siberian.entitlements */,
				F52D2D761559395900B0E19B /* Resources */,
				F52D2D54155933C000B0E19B /* Layout */,
				F52D2D451559338800B0E19B /* Application */,
				F52D2D291559333800B0E19B /* AppDelegate.h */,
				F52D2D2A1559333800B0E19B /* AppDelegate.m */,
				F52D2D211559333800B0E19B /* Supporting Files */,
			);
			path = Siberian;
			sourceTree = "<group>";
		};
		F52D2D211559333800B0E19B /* Supporting Files */ = {
			isa = PBXGroup;
			children = (
				F52D2D221559333800B0E19B /* Siberian-Info.plist */,
				F52D2D261559333800B0E19B /* main.m */,
				F52D2D281559333800B0E19B /* Siberian-Prefix.pch */,
			);
			name = "Supporting Files";
			sourceTree = "<group>";
		};
		F52D2D451559338800B0E19B /* Application */ = {
			isa = PBXGroup;
			children = (
				F55F7346156F791A00D2684B /* Request */,
				F52D2D481559338800B0E19B /* Objects */,
				F52D2D461559338800B0E19B /* common.h */,
				F52D2D471559338800B0E19B /* common.m */,
			);
			path = Application;
			sourceTree = "<group>";
		};
		F52D2D481559338800B0E19B /* Objects */ = {
			isa = PBXGroup;
			children = (
				F52811F21779F1FE00FDD751 /* url.h */,
				F52811F31779F1FE00FDD751 /* url.m */,
			);
			path = Objects;
			sourceTree = "<group>";
		};
		F52D2D54155933C000B0E19B /* Layout */ = {
			isa = PBXGroup;
			children = (
				F5AE3091155A9058009638E5 /* Modals */,
				F52D2D55155933C000B0E19B /* Loader */,
				F52D2D58155933C000B0E19B /* Main */,
			);
			path = Layout;
			sourceTree = "<group>";
		};
		F52D2D55155933C000B0E19B /* Loader */ = {
			isa = PBXGroup;
			children = (
				F52D2D56155933C000B0E19B /* loaderView.h */,
				F52D2D57155933C000B0E19B /* loaderView.m */,
			);
			path = Loader;
			sourceTree = "<group>";
		};
		F52D2D58155933C000B0E19B /* Main */ = {
			isa = PBXGroup;
			children = (
				F584C59E165BE1CA007E9DC6 /* mainViewController.h */,
				F584C59F165BE1CA007E9DC6 /* mainViewController.m */,
				F584C5A0165BE1CA007E9DC6 /* mainViewController.xib */,
			);
			path = Main;
			sourceTree = "<group>";
		};
		F52D2D761559395900B0E19B /* Resources */ = {
			isa = PBXGroup;
			children = (
				F5A52FA6179D529E0099BFF4 /* Languages */,
				F52D2D7B155939C100B0E19B /* Images */,
			);
			name = Resources;
			sourceTree = "<group>";
		};
		F52D2D7B155939C100B0E19B /* Images */ = {
			isa = PBXGroup;
			children = (
				F5E6486C177AED3D0099C1AB /* Loader */,
				F57D22F215778BFA00C97916 /* TouchIcon */,
				F52D2D7C155939C100B0E19B /* Startup */,
			);
			name = Images;
			path = Resources/Images;
			sourceTree = "<group>";
		};
		F52D2D7C155939C100B0E19B /* Startup */ = {
			isa = PBXGroup;
			children = (
				F50D7B541611B41C001FAC61 /* Default-568h@2x.png */,
				F50D7B551611B41C001FAC61 /* Default.png */,
				F50D7B561611B41C001FAC61 /* Default@2x.png */,
			);
			path = Startup;
			sourceTree = "<group>";
		};
		F55F7346156F791A00D2684B /* Request */ = {
			isa = PBXGroup;
			children = (
				F55F7348156F793900D2684B /* Request.h */,
				F55F7349156F793900D2684B /* Request.m */,
			);
			name = Request;
			sourceTree = "<group>";
		};
		F55F734B156FB63800D2684B /* Google */ = {
			isa = PBXGroup;
			children = (
				F5BEB8631602357E00DA0F29 /* mapsViewController.h */,
				F5BEB8641602357E00DA0F29 /* mapsViewController.m */,
				F5A52FE2179D7B8E0099BFF4 /* mapsViewController.xib */,
			);
			name = Google;
			sourceTree = "<group>";
		};
		F57D22F215778BFA00C97916 /* TouchIcon */ = {
			isa = PBXGroup;
			children = (
				F5BE12FA194A0BD400A2B81D /* SpotlightIcon-iOS7.png */,
				F5BE12FB194A0BD400A2B81D /* SpotlightIcon.png */,
				F5BE12FC194A0BD400A2B81D /* SpotlightIcon@2x.png */,
				F52BD9691816D107007C2F15 /* TouchIcon-iOS7.png */,
				F57D22F715778CB700C97916 /* TouchIcon.png */,
				F57D22F815778CB700C97916 /* TouchIcon@2x.png */,
			);
			name = TouchIcon;
			sourceTree = "<group>";
		};
		F5A52FA6179D529E0099BFF4 /* Languages */ = {
			isa = PBXGroup;
			children = (
				F5A882E31896AB1A004834A4 /* es.lproj */,
				F5A52FB7179D59DC0099BFF4 /* en.lproj */,
				F5A52FB3179D59A80099BFF4 /* fr.lproj */,
				F5A52FAC179D58E00099BFF4 /* pt.lproj */,
			);
			name = Languages;
			sourceTree = "<group>";
		};
		F5A52FAC179D58E00099BFF4 /* pt.lproj */ = {
			isa = PBXGroup;
			children = (
				F5A52FB0179D596F0099BFF4 /* Localizable.strings */,
			);
			name = pt.lproj;
			sourceTree = "<group>";
		};
		F5A52FB3179D59A80099BFF4 /* fr.lproj */ = {
			isa = PBXGroup;
			children = (
				F5A52FB4179D59BB0099BFF4 /* Localizable.strings */,
			);
			name = fr.lproj;
			sourceTree = "<group>";
		};
		F5A52FB7179D59DC0099BFF4 /* en.lproj */ = {
			isa = PBXGroup;
			children = (
				F5A52FB8179D59F60099BFF4 /* Localizable.strings */,
			);
			name = en.lproj;
			sourceTree = "<group>";
		};
		F5A882E31896AB1A004834A4 /* es.lproj */ = {
			isa = PBXGroup;
			children = (
				F5A882E41896AB1A004834A4 /* Localizable.strings */,
			);
			name = es.lproj;
			path = Resources/Languages/es.lproj;
			sourceTree = "<group>";
		};
		F5AE3091155A9058009638E5 /* Modals */ = {
			isa = PBXGroup;
			children = (
				F55F734B156FB63800D2684B /* Google */,
				F5622FCE174F505700944FC8 /* webViewController.h */,
				F5622FCF174F505700944FC8 /* webViewController.m */,
				F5622FD0174F505700944FC8 /* webViewController.xib */,
				F50E395E17A15D9500CDC2AD /* moviePlayerViewController.h */,
				F50E395F17A15D9500CDC2AD /* moviePlayerViewController.m */,
				F50E396017A15D9500CDC2AD /* moviePlayerViewController.xib */,
				F50E395917A152D200CDC2AD /* youtubePlayerViewController.h */,
				F50E395A17A152D200CDC2AD /* youtubePlayerViewController.m */,
				F50E395B17A152D200CDC2AD /* youtubePlayerViewController.xib */,
			);
			name = Modals;
			sourceTree = "<group>";
		};
		F5E6486C177AED3D0099C1AB /* Loader */ = {
			isa = PBXGroup;
			children = (
				F5E6486D177AED540099C1AB /* ajax.gif */,
			);
			name = Loader;
			sourceTree = "<group>";
		};
/* End PBXGroup section */

/* Begin PBXNativeTarget section */
		F52D2D151559333800B0E19B /* Siberian */ = {
			isa = PBXNativeTarget;
			buildConfigurationList = F52D2D421559333900B0E19B /* Build configuration list for PBXNativeTarget "Siberian" */;
			buildPhases = (
				F52D2D121559333800B0E19B /* Sources */,
				F52D2D131559333800B0E19B /* Frameworks */,
				F52D2D141559333800B0E19B /* Resources */,
				F5823E8B16FA17BD00177ADA /* CopyFiles */,
			);
			buildRules = (
			);
			dependencies = (
			);
			name = Siberian;
			productName = Siberian;
			productReference = F52D2D161559333800B0E19B /* Siberian.app */;
			productType = "com.apple.product-type.application";
		};
/* End PBXNativeTarget section */

/* Begin PBXProject section */
		F52D2D0D1559333800B0E19B /* Project object */ = {
			isa = PBXProject;
			attributes = {
				LastUpgradeCheck = 0500;
				TargetAttributes = {
					F52D2D151559333800B0E19B = {
						DevelopmentTeam = X45UK6MEMC;
					};
				};
			};
			buildConfigurationList = F52D2D101559333800B0E19B /* Build configuration list for PBXProject "Siberian" */;
			compatibilityVersion = "Xcode 3.2";
			developmentRegion = English;
			hasScannedForEncodings = 0;
			knownRegions = (
				en,
				pt,
				fr,
				Base,
				es,
			);
			mainGroup = F52D2D0B1559333800B0E19B;
			productRefGroup = F52D2D171559333800B0E19B /* Products */;
			projectDirPath = "";
			projectRoot = "";
			targets = (
				F52D2D151559333800B0E19B /* Siberian */,
			);
		};
/* End PBXProject section */

/* Begin PBXResourcesBuildPhase section */
		F52D2D141559333800B0E19B /* Resources */ = {
			isa = PBXResourcesBuildPhase;
			buildActionMask = 2147483647;
			files = (
				F57D22F915778CB700C97916 /* TouchIcon.png in Resources */,
				F57D22FA15778CB700C97916 /* TouchIcon@2x.png in Resources */,
				F5A882E61896AB1A004834A4 /* Localizable.strings in Resources */,
				F52BD96A1816D107007C2F15 /* TouchIcon-iOS7.png in Resources */,
				F50D7B571611B41C001FAC61 /* Default-568h@2x.png in Resources */,
				F50D7B581611B41C001FAC61 /* Default.png in Resources */,
				F50D7B591611B41C001FAC61 /* Default@2x.png in Resources */,
				F5BE12FF194A0BD400A2B81D /* SpotlightIcon@2x.png in Resources */,
				F584C5A2165BE1CA007E9DC6 /* mainViewController.xib in Resources */,
				F5622FD2174F505700944FC8 /* webViewController.xib in Resources */,
				F5E6486E177AED540099C1AB /* ajax.gif in Resources */,
				F5BE12FD194A0BD400A2B81D /* SpotlightIcon-iOS7.png in Resources */,
				F5A52FB2179D596F0099BFF4 /* Localizable.strings in Resources */,
				F5A52FB6179D59BB0099BFF4 /* Localizable.strings in Resources */,
				F5A52FBA179D59F60099BFF4 /* Localizable.strings in Resources */,
				F5A52FE3179D7B8E0099BFF4 /* mapsViewController.xib in Resources */,
				F50E395D17A152D200CDC2AD /* youtubePlayerViewController.xib in Resources */,
				F50E396217A15D9500CDC2AD /* moviePlayerViewController.xib in Resources */,
				F5BE12FE194A0BD400A2B81D /* SpotlightIcon.png in Resources */,
			);
			runOnlyForDeploymentPostprocessing = 0;
		};
/* End PBXResourcesBuildPhase section */

/* Begin PBXSourcesBuildPhase section */
		F52D2D121559333800B0E19B /* Sources */ = {
			isa = PBXSourcesBuildPhase;
			buildActionMask = 2147483647;
			files = (
				F52D2D271559333800B0E19B /* main.m in Sources */,
				F52D2D2B1559333800B0E19B /* AppDelegate.m in Sources */,
				F52D2D4F1559338800B0E19B /* common.m in Sources */,
				F52D2D60155933C000B0E19B /* loaderView.m in Sources */,
				F55F734A156F793900D2684B /* Request.m in Sources */,
				F5BEB8661602357E00DA0F29 /* mapsViewController.m in Sources */,
				F584C5A1165BE1CA007E9DC6 /* mainViewController.m in Sources */,
				F5622FD1174F505700944FC8 /* webViewController.m in Sources */,
				F52811F41779F1FE00FDD751 /* url.m in Sources */,
				F50E395C17A152D200CDC2AD /* youtubePlayerViewController.m in Sources */,
				F50E396117A15D9500CDC2AD /* moviePlayerViewController.m in Sources */,
			);
			runOnlyForDeploymentPostprocessing = 0;
		};
/* End PBXSourcesBuildPhase section */

/* Begin PBXVariantGroup section */
		F5A52FB0179D596F0099BFF4 /* Localizable.strings */ = {
			isa = PBXVariantGroup;
			children = (
				F5A52FB1179D596F0099BFF4 /* pt */,
			);
			name = Localizable.strings;
			sourceTree = "<group>";
		};
		F5A52FB4179D59BB0099BFF4 /* Localizable.strings */ = {
			isa = PBXVariantGroup;
			children = (
				F5A52FB5179D59BB0099BFF4 /* fr */,
			);
			name = Localizable.strings;
			sourceTree = "<group>";
		};
		F5A52FB8179D59F60099BFF4 /* Localizable.strings */ = {
			isa = PBXVariantGroup;
			children = (
				F5A52FB9179D59F60099BFF4 /* en */,
			);
			name = Localizable.strings;
			sourceTree = "<group>";
		};
		F5A882E41896AB1A004834A4 /* Localizable.strings */ = {
			isa = PBXVariantGroup;
			children = (
				F5A882E51896AB1A004834A4 /* es */,
			);
			name = Localizable.strings;
			sourceTree = "<group>";
		};
/* End PBXVariantGroup section */

/* Begin XCBuildConfiguration section */
		F52D2D401559333900B0E19B /* Debug */ = {
			isa = XCBuildConfiguration;
			buildSettings = {
				ALWAYS_SEARCH_USER_PATHS = NO;
				CLANG_ENABLE_OBJC_ARC = YES;
				CLANG_WARN_BOOL_CONVERSION = YES;
				CLANG_WARN_CONSTANT_CONVERSION = YES;
				CLANG_WARN_EMPTY_BODY = YES;
				CLANG_WARN_ENUM_CONVERSION = YES;
				CLANG_WARN_INT_CONVERSION = YES;
				CLANG_WARN__DUPLICATE_METHOD_MATCH = YES;
				CODE_SIGN_IDENTITY = "iPhone Developer";
				"CODE_SIGN_IDENTITY[sdk=iphoneos*]" = "iPhone Developer";
				COPY_PHASE_STRIP = NO;
				GCC_C_LANGUAGE_STANDARD = gnu99;
				GCC_DYNAMIC_NO_PIC = NO;
				GCC_OPTIMIZATION_LEVEL = 0;
				GCC_PREPROCESSOR_DEFINITIONS = (
					"DEBUG=1",
					"$(inherited)",
				);
				GCC_SYMBOLS_PRIVATE_EXTERN = NO;
				GCC_VERSION = com.apple.compilers.llvm.clang.1_0;
				GCC_WARN_64_TO_32_BIT_CONVERSION = YES;
				GCC_WARN_ABOUT_RETURN_TYPE = YES;
				GCC_WARN_UNDECLARED_SELECTOR = YES;
				GCC_WARN_UNINITIALIZED_AUTOS = YES;
				GCC_WARN_UNUSED_FUNCTION = YES;
				GCC_WARN_UNUSED_VARIABLE = YES;
				IPHONEOS_DEPLOYMENT_TARGET = 4.3;
				ONLY_ACTIVE_ARCH = YES;
				PRODUCT_NAME = Siberian;
				PROVISIONING_PROFILE = "";
				"PROVISIONING_PROFILE[sdk=iphoneos*]" = "";
				SDKROOT = iphoneos;
			};
			name = Debug;
		};
		F52D2D411559333900B0E19B /* Release */ = {
			isa = XCBuildConfiguration;
			buildSettings = {
				ALWAYS_SEARCH_USER_PATHS = NO;
				CLANG_ENABLE_OBJC_ARC = YES;
				CLANG_WARN_BOOL_CONVERSION = YES;
				CLANG_WARN_CONSTANT_CONVERSION = YES;
				CLANG_WARN_EMPTY_BODY = YES;
				CLANG_WARN_ENUM_CONVERSION = YES;
				CLANG_WARN_INT_CONVERSION = YES;
				CLANG_WARN__DUPLICATE_METHOD_MATCH = YES;
				CODE_SIGN_IDENTITY = "iPhone Developer";
				"CODE_SIGN_IDENTITY[sdk=iphoneos*]" = "iPhone Developer";
				COPY_PHASE_STRIP = YES;
				GCC_C_LANGUAGE_STANDARD = gnu99;
				GCC_VERSION = com.apple.compilers.llvm.clang.1_0;
				GCC_WARN_64_TO_32_BIT_CONVERSION = YES;
				GCC_WARN_ABOUT_RETURN_TYPE = YES;
				GCC_WARN_UNDECLARED_SELECTOR = YES;
				GCC_WARN_UNINITIALIZED_AUTOS = YES;
				GCC_WARN_UNUSED_FUNCTION = YES;
				GCC_WARN_UNUSED_VARIABLE = YES;
				IPHONEOS_DEPLOYMENT_TARGET = 4.3;
				OTHER_CFLAGS = "-DNS_BLOCK_ASSERTIONS=1";
				PRODUCT_NAME = Siberian;
				PROVISIONING_PROFILE = "";
				"PROVISIONING_PROFILE[sdk=iphoneos*]" = "";
				SDKROOT = iphoneos;
				VALIDATE_PRODUCT = YES;
			};
			name = Release;
		};
		F52D2D431559333900B0E19B /* Debug */ = {
			isa = XCBuildConfiguration;
			buildSettings = {
				CODE_SIGN_IDENTITY = "iPhone Developer: Aladin El Hedri (HYNYKDK4Z4)";
				"CODE_SIGN_IDENTITY[sdk=iphoneos*]" = "iPhone Developer";
				FRAMEWORK_SEARCH_PATHS = (
					"$(inherited)",
					"\"$(SRCROOT)\"",
				);
				GCC_PRECOMPILE_PREFIX_HEADER = YES;
				GCC_PREFIX_HEADER = "Siberian/Siberian-Prefix.pch";
				INFOPLIST_FILE = "Siberian/Siberian-Info.plist";
				IPHONEOS_DEPLOYMENT_TARGET = 5.1.1;
				LIBRARY_SEARCH_PATHS = (
					"$(inherited)",
					"\"$(SDKROOT)/usr/lib/system\"",
				);
				OTHER_LDFLAGS = "-lsqlite3.0";
				PRODUCT_NAME = Siberian;
				PROVISIONING_PROFILE = "";
				"PROVISIONING_PROFILE[sdk=iphoneos*]" = "";
				VALID_ARCHS = "armv7 armv7s";
				WRAPPER_EXTENSION = app;
			};
			name = Debug;
		};
		F52D2D441559333900B0E19B /* Release */ = {
			isa = XCBuildConfiguration;
			buildSettings = {
				CODE_SIGN_IDENTITY = "iPhone Developer";
				"CODE_SIGN_IDENTITY[sdk=iphoneos*]" = "iPhone Distribution";
				FRAMEWORK_SEARCH_PATHS = (
					"$(inherited)",
					"\"$(SRCROOT)\"",
				);
				GCC_PRECOMPILE_PREFIX_HEADER = YES;
				GCC_PREFIX_HEADER = "Siberian/Siberian-Prefix.pch";
				INFOPLIST_FILE = "Siberian/Siberian-Info.plist";
				IPHONEOS_DEPLOYMENT_TARGET = 5.1.1;
				LIBRARY_SEARCH_PATHS = (
					"$(inherited)",
					"\"$(SDKROOT)/usr/lib/system\"",
				);
				OTHER_LDFLAGS = "-lsqlite3.0";
				PRODUCT_NAME = Siberian;
				PROVISIONING_PROFILE = "";
				"PROVISIONING_PROFILE[sdk=iphoneos*]" = "";
				VALID_ARCHS = "armv7 armv7s";
				WRAPPER_EXTENSION = app;
			};
			name = Release;
		};
		F5E476761611FA110079BF88 /* Distribution */ = {
			isa = XCBuildConfiguration;
			buildSettings = {
				ALWAYS_SEARCH_USER_PATHS = NO;
				CLANG_ENABLE_OBJC_ARC = YES;
				CLANG_WARN_BOOL_CONVERSION = YES;
				CLANG_WARN_CONSTANT_CONVERSION = YES;
				CLANG_WARN_EMPTY_BODY = YES;
				CLANG_WARN_ENUM_CONVERSION = YES;
				CLANG_WARN_INT_CONVERSION = YES;
				CLANG_WARN__DUPLICATE_METHOD_MATCH = YES;
				CODE_SIGN_IDENTITY = "iPhone Developer";
				"CODE_SIGN_IDENTITY[sdk=iphoneos*]" = "iPhone Developer";
				COPY_PHASE_STRIP = YES;
				GCC_C_LANGUAGE_STANDARD = gnu99;
				GCC_VERSION = com.apple.compilers.llvm.clang.1_0;
				GCC_WARN_64_TO_32_BIT_CONVERSION = YES;
				GCC_WARN_ABOUT_RETURN_TYPE = YES;
				GCC_WARN_UNDECLARED_SELECTOR = YES;
				GCC_WARN_UNINITIALIZED_AUTOS = YES;
				GCC_WARN_UNUSED_FUNCTION = YES;
				GCC_WARN_UNUSED_VARIABLE = YES;
				IPHONEOS_DEPLOYMENT_TARGET = 4.3;
				OTHER_CFLAGS = "-DNS_BLOCK_ASSERTIONS=1";
				PRODUCT_NAME = Siberian;
				PROVISIONING_PROFILE = "";
				"PROVISIONING_PROFILE[sdk=iphoneos*]" = "";
				SDKROOT = iphoneos;
				VALIDATE_PRODUCT = YES;
			};
			name = Distribution;
		};
		F5E476771611FA110079BF88 /* Distribution */ = {
			isa = XCBuildConfiguration;
			buildSettings = {
				CODE_SIGN_IDENTITY = "iPhone Developer";
				"CODE_SIGN_IDENTITY[sdk=iphoneos*]" = "iPhone Distribution";
				FRAMEWORK_SEARCH_PATHS = (
					"$(inherited)",
					"\"$(SRCROOT)\"",
				);
				GCC_PRECOMPILE_PREFIX_HEADER = YES;
				GCC_PREFIX_HEADER = "Siberian/Siberian-Prefix.pch";
				INFOPLIST_FILE = "Siberian/Siberian-Info.plist";
				IPHONEOS_DEPLOYMENT_TARGET = 5.1.1;
				LIBRARY_SEARCH_PATHS = (
					"$(inherited)",
					"\"$(SDKROOT)/usr/lib/system\"",
				);
				OTHER_LDFLAGS = "-lsqlite3.0";
				PRODUCT_NAME = Siberian;
				PROVISIONING_PROFILE = "";
				"PROVISIONING_PROFILE[sdk=iphoneos*]" = "";
				VALID_ARCHS = "armv7 armv7s";
				WRAPPER_EXTENSION = app;
			};
			name = Distribution;
		};
/* End XCBuildConfiguration section */

/* Begin XCConfigurationList section */
		F52D2D101559333800B0E19B /* Build configuration list for PBXProject "Siberian" */ = {
			isa = XCConfigurationList;
			buildConfigurations = (
				F52D2D401559333900B0E19B /* Debug */,
				F52D2D411559333900B0E19B /* Release */,
				F5E476761611FA110079BF88 /* Distribution */,
			);
			defaultConfigurationIsVisible = 0;
			defaultConfigurationName = Distribution;
		};
		F52D2D421559333900B0E19B /* Build configuration list for PBXNativeTarget "Siberian" */ = {
			isa = XCConfigurationList;
			buildConfigurations = (
				F52D2D431559333900B0E19B /* Debug */,
				F52D2D441559333900B0E19B /* Release */,
				F5E476771611FA110079BF88 /* Distribution */,
			);
			defaultConfigurationIsVisible = 0;
			defaultConfigurationName = Distribution;
		};
/* End XCConfigurationList section */
	};
	rootObject = F52D2D0D1559333800B0E19B /* Project object */;
}
